
Microsoft Visual Studio Solution File, Format Version 12.00
# Visual Studio 14
VisualStudioVersion = 14.0.25420.1
MinimumVisualStudioVersion = 10.0.40219.1
Project("{FAE04EC0-301F-11D3-BF4B-00C04F79EFBC}") = "ConsoleApplication1", "ConsoleApplication1\ConsoleApplication1.csproj", "{4679A861-66AF-4162-8431-CEC5BD7C8C21}"
EndProject
Project("{FAE04EC0-301F-11D3-BF4B-00C04F79EFBC}") = "Hangman.BusinessLogic", "Hangman.BusinessLogic\Hangman.BusinessLogic.csproj", "{B6058965-68A5-4797-AEB6-4F6369B87F0E}"
EndProject
Project("{FAE04EC0-301F-11D3-BF4B-00C04F79EFBC}") = "Hangman.UnitTests", "Hangman.UnitTests\Hangman.UnitTests.csproj", "{908318E1-14BA-4775-A00E-4775715572D2}"
EndProject
Project("{FAE04EC0-301F-11D3-BF4B-00C04F79EFBC}") = "HangMan.Tools.Wcf", "HangMan.Tools.Wcf\HangMan.Tools.Wcf.csproj", "{BAA219DE-CD7E-4F0E-BAE9-9034BDFE7335}"
EndProject
Project("{FAE04EC0-301F-11D3-BF4B-00C04F79EFBC}") = "Hangman.UnitTestsWcf", "Hangman.UnitTestsWcf\Hangman.UnitTestsWcf.csproj", "{2DE9E624-B375-4E69-8AA8-B57832C11B8A}"
	ProjectSection(ProjectDependencies) = postProject
		{BAA219DE-CD7E-4F0E-BAE9-9034BDFE7335} = {BAA219DE-CD7E-4F0E-BAE9-9034BDFE7335}
	EndProjectSection
EndProject
Global
	GlobalSection(SolutionConfigurationPlatforms) = preSolution
		Debug|Any CPU = Debug|Any CPU
		Release|Any CPU = Release|Any CPU
	EndGlobalSection
	GlobalSection(ProjectConfigurationPlatforms) = postSolution
		{4679A861-66AF-4162-8431-CEC5BD7C8C21}.Debug|Any CPU.ActiveCfg = Debug|Any CPU
		{4679A861-66AF-4162-8431-CEC5BD7C8C21}.Debug|Any CPU.Build.0 = Debug|Any CPU
		{4679A861-66AF-4162-8431-CEC5BD7C8C21}.Release|Any CPU.ActiveCfg = Release|Any CPU
		{4679A861-66AF-4162-8431-CEC5BD7C8C21}.Release|Any CPU.Build.0 = Release|Any CPU
		{B6058965-68A5-4797-AEB6-4F6369B87F0E}.Debug|Any CPU.ActiveCfg = Debug|Any CPU
		{B6058965-68A5-4797-AEB6-4F6369B87F0E}.Debug|Any CPU.Build.0 = Debug|Any CPU
		{B6058965-68A5-4797-AEB6-4F6369B87F0E}.Release|Any CPU.ActiveCfg = Release|Any CPU
		{B6058965-68A5-4797-AEB6-4F6369B87F0E}.Release|Any CPU.Build.0 = Release|Any CPU
		{908318E1-14BA-4775-A00E-4775715572D2}.Debug|Any CPU.ActiveCfg = Debug|Any CPU
		{908318E1-14BA-4775-A00E-4775715572D2}.Debug|Any CPU.Build.0 = Debug|Any CPU
		{908318E1-14BA-4775-A00E-4775715572D2}.Release|Any CPU.ActiveCfg = Release|Any CPU
		{908318E1-14BA-4775-A00E-4775715572D2}.Release|Any CPU.Build.0 = Release|Any CPU
		{BAA219DE-CD7E-4F0E-BAE9-9034BDFE7335}.Debug|Any CPU.ActiveCfg = Debug|Any CPU
		{BAA219DE-CD7E-4F0E-BAE9-9034BDFE7335}.Debug|Any CPU.Build.0 = Debug|Any CPU
		{BAA219DE-CD7E-4F0E-BAE9-9034BDFE7335}.Release|Any CPU.ActiveCfg = Release|Any CPU
		{BAA219DE-CD7E-4F0E-BAE9-9034BDFE7335}.Release|Any CPU.Build.0 = Release|Any CPU
		{2DE9E624-B375-4E69-8AA8-B57832C11B8A}.Debug|Any CPU.ActiveCfg = Debug|Any CPU
		{2DE9E624-B375-4E69-8AA8-B57832C11B8A}.Debug|Any CPU.Build.0 = Debug|Any CPU
		{2DE9E624-B375-4E69-8AA8-B57832C11B8A}.Release|Any CPU.ActiveCfg = Release|Any CPU
		{2DE9E624-B375-4E69-8AA8-B57832C11B8A}.Release|Any CPU.Build.0 = Release|Any CPU
	EndGlobalSection
	GlobalSection(SolutionProperties) = preSolution
		HideSolutionNode = FALSE
	EndGlobalSection
EndGlobal
